
Microsoft Visual Studio Solution File, Format Version 12.00
# Visual Studio Version 16
VisualStudioVersion = 16.0.31402.337
MinimumVisualStudioVersion = 10.0.40219.1
Project("{FAE04EC0-301F-11D3-BF4B-00C04F79EFBC}") = "camel _case", "camel _case\camel _case.csproj", "{BF7316F3-61D9-4BED-86C0-EB382F22869A}"
EndProject
Global
	GlobalSection(SolutionConfigurationPlatforms) = preSolution
		Debug|Any CPU = Debug|Any CPU
		Release|Any CPU = Release|Any CPU
	EndGlobalSection
	GlobalSection(ProjectConfigurationPlatforms) = postSolution
		{BF7316F3-61D9-4BED-86C0-EB382F22869A}.Debug|Any CPU.ActiveCfg = Debug|Any CPU
		{BF7316F3-61D9-4BED-86C0-EB382F22869A}.Debug|Any CPU.Build.0 = Debug|Any CPU
		{BF7316F3-61D9-4BED-86C0-EB382F22869A}.Release|Any CPU.ActiveCfg = Release|Any CPU
		{BF7316F3-61D9-4BED-86C0-EB382F22869A}.Release|Any CPU.Build.0 = Release|Any CPU
	EndGlobalSection
	GlobalSection(SolutionProperties) = preSolution
		HideSolutionNode = FALSE
	EndGlobalSection
	GlobalSection(ExtensibilityGlobals) = postSolution
		SolutionGuid = {01593734-15AF-4C87-8BAB-F9225EAB5117}
	EndGlobalSection
EndGlobal
